github.com/1354092549/wsrpc v0.3.2 h1:6uaXV++oMm/J89LcnVAbtCTawX7W5y8K8cWqRiDp5SQ=
github.com/1354092549/wsrpc v0.3.2/go.mod h1:rWsn6JBtSbbM4h80KWkdvI2m2M57tLmhihqNEbv64Fg=
github.com/gorilla/websocket v1.4.2 h1:+/TMaTYc4QFitKJxsQ7Yye35DkWvkdLcvGKqM+x0Ufc=
github.com/gorilla/websocket v1.4.2/go.mod h1:YR8l580nyteQvAITg2hZ9XVh4b55+EU/adAjf1fMHhE=
github.com/nicksnyder/basen v1.0.0 h1:hCs3I1Qth9tZv8taqst7iYyEpMsXf4f9cjZT0mTADUk=
github.com/nicksnyder/basen v1.0.0/go.mod h1:IKOokMzzlenC6zabSIgjZHRp98CeBHUeVkOJLvofeJc=
